
Microsoft Visual Studio Solution File, Format Version 12.00
# Visual Studio Version 17
VisualStudioVersion = 17.4.33110.190
MinimumVisualStudioVersion = 10.0.40219.1
Project("{FAE04EC0-301F-11D3-BF4B-00C04F79EFBC}") = "CalculoReajuste", "CalculoReajuste\CalculoReajuste.csproj", "{C8E822B1-E754-4EE2-B982-4BB7BF7822D4}"
EndProject
Global
	GlobalSection(SolutionConfigurationPlatforms) = preSolution
		Debug|Any CPU = Debug|Any CPU
		Release|Any CPU = Release|Any CPU
	EndGlobalSection
	GlobalSection(ProjectConfigurationPlatforms) = postSolution
		{C8E822B1-E754-4EE2-B982-4BB7BF7822D4}.Debug|Any CPU.ActiveCfg = Debug|Any CPU
		{C8E822B1-E754-4EE2-B982-4BB7BF7822D4}.Debug|Any CPU.Build.0 = Debug|Any CPU
		{C8E822B1-E754-4EE2-B982-4BB7BF7822D4}.Release|Any CPU.ActiveCfg = Release|Any CPU
		{C8E822B1-E754-4EE2-B982-4BB7BF7822D4}.Release|Any CPU.Build.0 = Release|Any CPU
	EndGlobalSection
	GlobalSection(SolutionProperties) = preSolution
		HideSolutionNode = FALSE
	EndGlobalSection
	GlobalSection(ExtensibilityGlobals) = postSolution
		SolutionGuid = {507E912C-A281-4424-B751-FCE25C665F91}
	EndGlobalSection
EndGlobal
